
Microsoft Visual Studio Solution File, Format Version 12.00
# Visual Studio 2012
Project("{FAE04EC0-301F-11D3-BF4B-00C04F79EFBC}") = "AssignifyIt", "AssignifyIt\AssignifyIt.csproj", "{CD5191F6-9F31-47B8-BD26-279C1F520A4E}"
EndProject
Project("{FAE04EC0-301F-11D3-BF4B-00C04F79EFBC}") = "AssignifyIt.Tests", "AssignifyIt.Tests\AssignifyIt.Tests.csproj", "{1009016D-54A5-4469-B49E-701E7A1A1C8D}"
EndProject
Global
	GlobalSection(SolutionConfigurationPlatforms) = preSolution
		Debug|Any CPU = Debug|Any CPU
		Release|Any CPU = Release|Any CPU
	EndGlobalSection
	GlobalSection(ProjectConfigurationPlatforms) = postSolution
		{CD5191F6-9F31-47B8-BD26-279C1F520A4E}.Debug|Any CPU.ActiveCfg = Debug|Any CPU
		{CD5191F6-9F31-47B8-BD26-279C1F520A4E}.Debug|Any CPU.Build.0 = Debug|Any CPU
		{CD5191F6-9F31-47B8-BD26-279C1F520A4E}.Release|Any CPU.ActiveCfg = Release|Any CPU
		{CD5191F6-9F31-47B8-BD26-279C1F520A4E}.Release|Any CPU.Build.0 = Release|Any CPU
		{1009016D-54A5-4469-B49E-701E7A1A1C8D}.Debug|Any CPU.ActiveCfg = Debug|Any CPU
		{1009016D-54A5-4469-B49E-701E7A1A1C8D}.Debug|Any CPU.Build.0 = Debug|Any CPU
		{1009016D-54A5-4469-B49E-701E7A1A1C8D}.Release|Any CPU.ActiveCfg = Release|Any CPU
		{1009016D-54A5-4469-B49E-701E7A1A1C8D}.Release|Any CPU.Build.0 = Release|Any CPU
	EndGlobalSection
	GlobalSection(SolutionProperties) = preSolution
		HideSolutionNode = FALSE
	EndGlobalSection
EndGlobal
