
Microsoft Visual Studio Solution File, Format Version 12.00
# Visual Studio 2013
VisualStudioVersion = 12.0.31101.0
MinimumVisualStudioVersion = 10.0.40219.1
Project("{FAE04EC0-301F-11D3-BF4B-00C04F79EFBC}") = "AssignifyIt.Managers", "AssignifyIt.Managers\AssignifyIt.Managers.csproj", "{AC439E7A-9E6F-4FCA-BECC-91C9D6B59D6F}"
EndProject
Project("{FAE04EC0-301F-11D3-BF4B-00C04F79EFBC}") = "AssignifyIt.Models", "AssignifyIt.Models\AssignifyIt.Models.csproj", "{200DA55D-0527-464B-B1DB-6684D08374C4}"
EndProject
Project("{FAE04EC0-301F-11D3-BF4B-00C04F79EFBC}") = "AssignifyIt.Queries", "AssignifyIt.Queries\AssignifyIt.Queries.csproj", "{F4334B7A-CA3E-4AD1-BBA7-B090F1315023}"
EndProject
Project("{2150E333-8FDC-42A3-9474-1A3956D46DE8}") = ".nuget", ".nuget", "{96FCAC53-2823-4141-A800-425881083045}"
	ProjectSection(SolutionItems) = preProject
		.nuget\NuGet.Config = .nuget\NuGet.Config
		.nuget\NuGet.exe = .nuget\NuGet.exe
		.nuget\NuGet.targets = .nuget\NuGet.targets
	EndProjectSection
EndProject
Project("{FAE04EC0-301F-11D3-BF4B-00C04F79EFBC}") = "AssignifyIt", "AssignifyIt\AssignifyIt.csproj", "{DA31E1E7-8689-4EEC-83C8-CC3DB6BBF5D8}"
EndProject
Global
	GlobalSection(SolutionConfigurationPlatforms) = preSolution
		Debug|Any CPU = Debug|Any CPU
		Release|Any CPU = Release|Any CPU
	EndGlobalSection
	GlobalSection(ProjectConfigurationPlatforms) = postSolution
		{AC439E7A-9E6F-4FCA-BECC-91C9D6B59D6F}.Debug|Any CPU.ActiveCfg = Debug|Any CPU
		{AC439E7A-9E6F-4FCA-BECC-91C9D6B59D6F}.Debug|Any CPU.Build.0 = Debug|Any CPU
		{AC439E7A-9E6F-4FCA-BECC-91C9D6B59D6F}.Release|Any CPU.ActiveCfg = Release|Any CPU
		{AC439E7A-9E6F-4FCA-BECC-91C9D6B59D6F}.Release|Any CPU.Build.0 = Release|Any CPU
		{200DA55D-0527-464B-B1DB-6684D08374C4}.Debug|Any CPU.ActiveCfg = Debug|Any CPU
		{200DA55D-0527-464B-B1DB-6684D08374C4}.Debug|Any CPU.Build.0 = Debug|Any CPU
		{200DA55D-0527-464B-B1DB-6684D08374C4}.Release|Any CPU.ActiveCfg = Release|Any CPU
		{200DA55D-0527-464B-B1DB-6684D08374C4}.Release|Any CPU.Build.0 = Release|Any CPU
		{F4334B7A-CA3E-4AD1-BBA7-B090F1315023}.Debug|Any CPU.ActiveCfg = Debug|Any CPU
		{F4334B7A-CA3E-4AD1-BBA7-B090F1315023}.Debug|Any CPU.Build.0 = Debug|Any CPU
		{F4334B7A-CA3E-4AD1-BBA7-B090F1315023}.Release|Any CPU.ActiveCfg = Release|Any CPU
		{F4334B7A-CA3E-4AD1-BBA7-B090F1315023}.Release|Any CPU.Build.0 = Release|Any CPU
		{DA31E1E7-8689-4EEC-83C8-CC3DB6BBF5D8}.Debug|Any CPU.ActiveCfg = Debug|Any CPU
		{DA31E1E7-8689-4EEC-83C8-CC3DB6BBF5D8}.Debug|Any CPU.Build.0 = Debug|Any CPU
		{DA31E1E7-8689-4EEC-83C8-CC3DB6BBF5D8}.Release|Any CPU.ActiveCfg = Release|Any CPU
		{DA31E1E7-8689-4EEC-83C8-CC3DB6BBF5D8}.Release|Any CPU.Build.0 = Release|Any CPU
	EndGlobalSection
	GlobalSection(SolutionProperties) = preSolution
		HideSolutionNode = FALSE
	EndGlobalSection
EndGlobal
